schema: '2.0'
stages:
  data_ingestion:
    cmd: python src/data_ingestion.py
    deps:
    - path: src/data_ingestion.py
      hash: md5
      md5: 831234ec82b2c12c55364e21f3b6aaee
      size: 3518
    params:
      params.yaml:
        data_ingestion.test_size: 0.3
    outs:
    - path: data/raw
      hash: md5
      md5: d26befd2dda9438254177d9000d9ba1f.dir
      size: 484846
      nfiles: 2
  pre_processing:
    cmd: python src/pre-processing.py
    deps:
    - path: data/raw
      hash: md5
      md5: d26befd2dda9438254177d9000d9ba1f.dir
      size: 484846
      nfiles: 2
    - path: src/pre-processing.py
      hash: md5
      md5: ae0059b79590609927f72e3c373f1865
      size: 3973
    outs:
    - path: data/interim
      hash: md5
      md5: 61ca13b2e20854a1f7bacbbcfeca409e.dir
      size: 262513
      nfiles: 2
  feature_engineering:
    cmd: python src/feature_engineering.py
    deps:
    - path: data/interim
      hash: md5
      md5: 61ca13b2e20854a1f7bacbbcfeca409e.dir
      size: 262513
      nfiles: 2
    - path: src/feature_engineering.py
      hash: md5
      md5: 8ddcc4e0e92cbfb1e1e7f06bf95b6f29
      size: 3849
    params:
      params.yaml:
        feature_engineering.max_features: 100
    outs:
    - path: data/processed
      hash: md5
      md5: e642c733e2c12640471fc6dd89f54660.dir
      size: 2318267
      nfiles: 2
  model_training:
    cmd: python src/model_training.py
    deps:
    - path: data/processed
      hash: md5
      md5: e642c733e2c12640471fc6dd89f54660.dir
      size: 2318267
      nfiles: 2
    - path: src/model_training.py
      hash: md5
      md5: 4d1cdbfb93a6008fac17b9c82815717b
      size: 4500
    params:
      params.yaml:
        model_training.n_estimators: 100
        model_training.random_state: 2
    outs:
    - path: models/model.pkl
      hash: md5
      md5: c8e6621e86187c8c0e36229d953d1e79
      size: 4635020
  model_evaluation:
    cmd: python src/model_evaluation.py
    deps:
    - path: data/processed
      hash: md5
      md5: e642c733e2c12640471fc6dd89f54660.dir
      size: 2318267
      nfiles: 2
    - path: models/model.pkl
      hash: md5
      md5: c8e6621e86187c8c0e36229d953d1e79
      size: 4635020
    outs:
    - path: reports/metrics.json
      hash: md5
      md5: 7de9bb64c273dce27556aa42925393a2
      size: 144
