schema: '2.0'
stages:
  data_ingestion:
    cmd: python src/data_ingestion.py
    deps:
    - path: src/data_ingestion.py
      hash: md5
      md5: 831234ec82b2c12c55364e21f3b6aaee
      size: 3518
    params:
      params.yaml:
        data_ingestion.test_size: 0.25
    outs:
    - path: data/raw
      hash: md5
      md5: 04dd235295cb72c313e376c794dbd399.dir
      size: 484846
      nfiles: 2
  pre_processing:
    cmd: python src/pre-processing.py
    deps:
    - path: data/raw
      hash: md5
      md5: 04dd235295cb72c313e376c794dbd399.dir
      size: 484846
      nfiles: 2
    - path: src/pre-processing.py
      hash: md5
      md5: ae0059b79590609927f72e3c373f1865
      size: 3973
    outs:
    - path: data/interim
      hash: md5
      md5: a93065f5a2727e5e7dd327b4604144d5.dir
      size: 261440
      nfiles: 2
  feature_engineering:
    cmd: python src/feature_engineering.py
    deps:
    - path: data/interim
      hash: md5
      md5: a93065f5a2727e5e7dd327b4604144d5.dir
      size: 261440
      nfiles: 2
    - path: src/feature_engineering.py
      hash: md5
      md5: 8ddcc4e0e92cbfb1e1e7f06bf95b6f29
      size: 3849
    params:
      params.yaml:
        feature_engineering.max_features: 75
    outs:
    - path: data/processed
      hash: md5
      md5: 3a0aae69925fc331182b213522404eef.dir
      size: 1751823
      nfiles: 2
  model_training:
    cmd: python src/model_training.py
    deps:
    - path: data/processed
      hash: md5
      md5: 3a0aae69925fc331182b213522404eef.dir
      size: 1751823
      nfiles: 2
    - path: src/model_training.py
      hash: md5
      md5: 4d1cdbfb93a6008fac17b9c82815717b
      size: 4500
    params:
      params.yaml:
        model_training.n_estimators: 75
        model_training.random_state: 3
    outs:
    - path: models/model.pkl
      hash: md5
      md5: 05ddbe3c408d14f4d4162032acb88970
      size: 3494830
  model_evaluation:
    cmd: python src/model_evaluation.py
    deps:
    - path: data/processed
      hash: md5
      md5: 3a0aae69925fc331182b213522404eef.dir
      size: 1751823
      nfiles: 2
    - path: models/model.pkl
      hash: md5
      md5: 05ddbe3c408d14f4d4162032acb88970
      size: 3494830
    outs:
    - path: reports/metrics.json
      hash: md5
      md5: a0f6e7b49a0d399f639d16ec7240bada
      size: 144
